// !$*UTF8*$!
{
	archiveVersion = 1;
	classes = {
	};
	objectVersion = 77;
	objects = {

/* Begin PBXBuildFile section */
		978CB3AB2E35B1FA00423538 /* Alamofire in Frameworks */ = {isa = PBXBuildFile; productRef = 978CB3AA2E35B1FA00423538 /* Alamofire */; };
		978CB3AE2E35B28F00423538 /* Then in Frameworks */ = {isa = PBXBuildFile; productRef = 978CB3AD2E35B28F00423538 /* Then */; };
		978CB3B12E35B33F00423538 /* FSCalendar in Frameworks */ = {isa = PBXBuildFile; productRef = 978CB3B02E35B33F00423538 /* FSCalendar */; };
		978CB55D2E35BCDB00423538 /* SnapKit in Frameworks */ = {isa = PBXBuildFile; productRef = 978CB55C2E35BCDB00423538 /* SnapKit */; };
/* End PBXBuildFile section */

/* Begin PBXContainerItemProxy section */
		97207FAE2E333D6C005ED1B9 /* PBXContainerItemProxy */ = {
			isa = PBXContainerItemProxy;
			containerPortal = 97207F8F2E333D6B005ED1B9 /* Project object */;
			proxyType = 1;
			remoteGlobalIDString = 97207F962E333D6B005ED1B9;
			remoteInfo = "DoorBox-FE";
		};
		97207FB82E333D6C005ED1B9 /* PBXContainerItemProxy */ = {
			isa = PBXContainerItemProxy;
			containerPortal = 97207F8F2E333D6B005ED1B9 /* Project object */;
			proxyType = 1;
			remoteGlobalIDString = 97207F962E333D6B005ED1B9;
			remoteInfo = "DoorBox-FE";
		};
/* End PBXContainerItemProxy section */

/* Begin PBXFileReference section */
		97207F972E333D6B005ED1B9 /* DoorBox-FE.app */ = {isa = PBXFileReference; explicitFileType = wrapper.application; includeInIndex = 0; path = "DoorBox-FE.app"; sourceTree = BUILT_PRODUCTS_DIR; };
		97207FAD2E333D6C005ED1B9 /* DoorBox-FETests.xctest */ = {isa = PBXFileReference; explicitFileType = wrapper.cfbundle; includeInIndex = 0; path = "DoorBox-FETests.xctest"; sourceTree = BUILT_PRODUCTS_DIR; };
		97207FB72E333D6C005ED1B9 /* DoorBox-FEUITests.xctest */ = {isa = PBXFileReference; explicitFileType = wrapper.cfbundle; includeInIndex = 0; path = "DoorBox-FEUITests.xctest"; sourceTree = BUILT_PRODUCTS_DIR; };
/* End PBXFileReference section */

/* Begin PBXFileSystemSynchronizedBuildFileExceptionSet section */
		97207FBF2E333D6C005ED1B9 /* Exceptions for "DoorBox-FE" folder in "DoorBox-FE" target */ = {
			isa = PBXFileSystemSynchronizedBuildFileExceptionSet;
			membershipExceptions = (
				Info.plist,
			);
			target = 97207F962E333D6B005ED1B9 /* DoorBox-FE */;
		};
/* End PBXFileSystemSynchronizedBuildFileExceptionSet section */

/* Begin PBXFileSystemSynchronizedRootGroup section */
		97207F992E333D6B005ED1B9 /* DoorBox-FE */ = {
			isa = PBXFileSystemSynchronizedRootGroup;
			exceptions = (
				97207FBF2E333D6C005ED1B9 /* Exceptions for "DoorBox-FE" folder in "DoorBox-FE" target */,
			);
			path = "DoorBox-FE";
			sourceTree = "<group>";
		};
		97207FB02E333D6C005ED1B9 /* DoorBox-FETests */ = {
			isa = PBXFileSystemSynchronizedRootGroup;
			path = "DoorBox-FETests";
			sourceTree = "<group>";
		};
		97207FBA2E333D6C005ED1B9 /* DoorBox-FEUITests */ = {
			isa = PBXFileSystemSynchronizedRootGroup;
			path = "DoorBox-FEUITests";
			sourceTree = "<group>";
		};
/* End PBXFileSystemSynchronizedRootGroup section */

/* Begin PBXFrameworksBuildPhase section */
		97207F942E333D6B005ED1B9 /* Frameworks */ = {
			isa = PBXFrameworksBuildPhase;
			buildActionMask = 2147483647;
			files = (
				978CB3AB2E35B1FA00423538 /* Alamofire in Frameworks */,
				978CB55D2E35BCDB00423538 /* SnapKit in Frameworks */,
				978CB3B12E35B33F00423538 /* FSCalendar in Frameworks */,
				978CB3AE2E35B28F00423538 /* Then in Frameworks */,
			);
			runOnlyForDeploymentPostprocessing = 0;
		};
		97207FAA2E333D6C005ED1B9 /* Frameworks */ = {
			isa = PBXFrameworksBuildPhase;
			buildActionMask = 2147483647;
			files = (
			);
			runOnlyForDeploymentPostprocessing = 0;
		};
		97207FB42E333D6C005ED1B9 /* Frameworks */ = {
			isa = PBXFrameworksBuildPhase;
			buildActionMask = 2147483647;
			files = (
			);
			runOnlyForDeploymentPostprocessing = 0;
		};
/* End PBXFrameworksBuildPhase section */

/* Begin PBXGroup section */
		97207F8E2E333D6B005ED1B9 = {
			isa = PBXGroup;
			children = (
				97207F992E333D6B005ED1B9 /* DoorBox-FE */,
				97207FB02E333D6C005ED1B9 /* DoorBox-FETests */,
				97207FBA2E333D6C005ED1B9 /* DoorBox-FEUITests */,
				97207F982E333D6B005ED1B9 /* Products */,
			);
			sourceTree = "<group>";
		};
		97207F982E333D6B005ED1B9 /* Products */ = {
			isa = PBXGroup;
			children = (
				97207F972E333D6B005ED1B9 /* DoorBox-FE.app */,
				97207FAD2E333D6C005ED1B9 /* DoorBox-FETests.xctest */,
				97207FB72E333D6C005ED1B9 /* DoorBox-FEUITests.xctest */,
			);
			name = Products;
			sourceTree = "<group>";
		};
/* End PBXGroup section */

/* Begin PBXNativeTarget section */
		97207F962E333D6B005ED1B9 /* DoorBox-FE */ = {
			isa = PBXNativeTarget;
			buildConfigurationList = 97207FC02E333D6C005ED1B9 /* Build configuration list for PBXNativeTarget "DoorBox-FE" */;
			buildPhases = (
				97207F932E333D6B005ED1B9 /* Sources */,
				97207F942E333D6B005ED1B9 /* Frameworks */,
				97207F952E333D6B005ED1B9 /* Resources */,
			);
			buildRules = (
			);
			dependencies = (
			);
			fileSystemSynchronizedGroups = (
				97207F992E333D6B005ED1B9 /* DoorBox-FE */,
			);
			name = "DoorBox-FE";
			packageProductDependencies = (
				978CB3AA2E35B1FA00423538 /* Alamofire */,
				978CB3AD2E35B28F00423538 /* Then */,
				978CB3B02E35B33F00423538 /* FSCalendar */,
				978CB55C2E35BCDB00423538 /* SnapKit */,
			);
			productName = "DoorBox-FE";
			productReference = 97207F972E333D6B005ED1B9 /* DoorBox-FE.app */;
			productType = "com.apple.product-type.application";
		};
		97207FAC2E333D6C005ED1B9 /* DoorBox-FETests */ = {
			isa = PBXNativeTarget;
			buildConfigurationList = 97207FC52E333D6C005ED1B9 /* Build configuration list for PBXNativeTarget "DoorBox-FETests" */;
			buildPhases = (
				97207FA92E333D6C005ED1B9 /* Sources */,
				97207FAA2E333D6C005ED1B9 /* Frameworks */,
				97207FAB2E333D6C005ED1B9 /* Resources */,
			);
			buildRules = (
			);
			dependencies = (
				97207FAF2E333D6C005ED1B9 /* PBXTargetDependency */,
			);
			fileSystemSynchronizedGroups = (
				97207FB02E333D6C005ED1B9 /* DoorBox-FETests */,
			);
			name = "DoorBox-FETests";
			packageProductDependencies = (
			);
			productName = "DoorBox-FETests";
			productReference = 97207FAD2E333D6C005ED1B9 /* DoorBox-FETests.xctest */;
			productType = "com.apple.product-type.bundle.unit-test";
		};
		97207FB62E333D6C005ED1B9 /* DoorBox-FEUITests */ = {
			isa = PBXNativeTarget;
			buildConfigurationList = 97207FC82E333D6C005ED1B9 /* Build configuration list for PBXNativeTarget "DoorBox-FEUITests" */;
			buildPhases = (
				97207FB32E333D6C005ED1B9 /* Sources */,
				97207FB42E333D6C005ED1B9 /* Frameworks */,
				97207FB52E333D6C005ED1B9 /* Resources */,
			);
			buildRules = (
			);
			dependencies = (
				97207FB92E333D6C005ED1B9 /* PBXTargetDependency */,
			);
			fileSystemSynchronizedGroups = (
				97207FBA2E333D6C005ED1B9 /* DoorBox-FEUITests */,
			);
			name = "DoorBox-FEUITests";
			packageProductDependencies = (
			);
			productName = "DoorBox-FEUITests";
			productReference = 97207FB72E333D6C005ED1B9 /* DoorBox-FEUITests.xctest */;
			productType = "com.apple.product-type.bundle.ui-testing";
		};
/* End PBXNativeTarget section */

/* Begin PBXProject section */
		97207F8F2E333D6B005ED1B9 /* Project object */ = {
			isa = PBXProject;
			attributes = {
				BuildIndependentTargetsInParallel = 1;
				LastSwiftUpdateCheck = 1620;
				LastUpgradeCheck = 1620;
				TargetAttributes = {
					97207F962E333D6B005ED1B9 = {
						CreatedOnToolsVersion = 16.2;
					};
					97207FAC2E333D6C005ED1B9 = {
						CreatedOnToolsVersion = 16.2;
						TestTargetID = 97207F962E333D6B005ED1B9;
					};
					97207FB62E333D6C005ED1B9 = {
						CreatedOnToolsVersion = 16.2;
						TestTargetID = 97207F962E333D6B005ED1B9;
					};
				};
			};
			buildConfigurationList = 97207F922E333D6B005ED1B9 /* Build configuration list for PBXProject "DoorBox-FE" */;
			developmentRegion = en;
			hasScannedForEncodings = 0;
			knownRegions = (
				en,
				Base,
			);
			mainGroup = 97207F8E2E333D6B005ED1B9;
			minimizedProjectReferenceProxies = 1;
			packageReferences = (
				978CB3A92E35B1FA00423538 /* XCRemoteSwiftPackageReference "Alamofire" */,
				978CB3AC2E35B28F00423538 /* XCRemoteSwiftPackageReference "Then" */,
				978CB3AF2E35B33F00423538 /* XCRemoteSwiftPackageReference "FSCalendar" */,
				978CB55B2E35BCDB00423538 /* XCRemoteSwiftPackageReference "SnapKit" */,
			);
			preferredProjectObjectVersion = 77;
			productRefGroup = 97207F982E333D6B005ED1B9 /* Products */;
			projectDirPath = "";
			projectRoot = "";
			targets = (
				97207F962E333D6B005ED1B9 /* DoorBox-FE */,
				97207FAC2E333D6C005ED1B9 /* DoorBox-FETests */,
				97207FB62E333D6C005ED1B9 /* DoorBox-FEUITests */,
			);
		};
/* End PBXProject section */

/* Begin PBXResourcesBuildPhase section */
		97207F952E333D6B005ED1B9 /* Resources */ = {
			isa = PBXResourcesBuildPhase;
			buildActionMask = 2147483647;
			files = (
			);
			runOnlyForDeploymentPostprocessing = 0;
		};
		97207FAB2E333D6C005ED1B9 /* Resources */ = {
			isa = PBXResourcesBuildPhase;
			buildActionMask = 2147483647;
			files = (
			);
			runOnlyForDeploymentPostprocessing = 0;
		};
		97207FB52E333D6C005ED1B9 /* Resources */ = {
			isa = PBXResourcesBuildPhase;
			buildActionMask = 2147483647;
			files = (
			);
			runOnlyForDeploymentPostprocessing = 0;
		};
/* End PBXResourcesBuildPhase section */

/* Begin PBXSourcesBuildPhase section */
		97207F932E333D6B005ED1B9 /* Sources */ = {
			isa = PBXSourcesBuildPhase;
			buildActionMask = 2147483647;
			files = (
			);
			runOnlyForDeploymentPostprocessing = 0;
		};
		97207FA92E333D6C005ED1B9 /* Sources */ = {
			isa = PBXSourcesBuildPhase;
			buildActionMask = 2147483647;
			files = (
			);
			runOnlyForDeploymentPostprocessing = 0;
		};
		97207FB32E333D6C005ED1B9 /* Sources */ = {
			isa = PBXSourcesBuildPhase;
			buildActionMask = 2147483647;
			files = (
			);
			runOnlyForDeploymentPostprocessing = 0;
		};
/* End PBXSourcesBuildPhase section */

/* Begin PBXTargetDependency section */
		97207FAF2E333D6C005ED1B9 /* PBXTargetDependency */ = {
			isa = PBXTargetDependency;
			target = 97207F962E333D6B005ED1B9 /* DoorBox-FE */;
			targetProxy = 97207FAE2E333D6C005ED1B9 /* PBXContainerItemProxy */;
		};
		97207FB92E333D6C005ED1B9 /* PBXTargetDependency */ = {
			isa = PBXTargetDependency;
			target = 97207F962E333D6B005ED1B9 /* DoorBox-FE */;
			targetProxy = 97207FB82E333D6C005ED1B9 /* PBXContainerItemProxy */;
		};
/* End PBXTargetDependency section */

/* Begin XCBuildConfiguration section */
		97207FC12E333D6C005ED1B9 /* Debug */ = {
			isa = XCBuildConfiguration;
			buildSettings = {
				ASSETCATALOG_COMPILER_APPICON_NAME = AppIcon;
				ASSETCATALOG_COMPILER_GLOBAL_ACCENT_COLOR_NAME = AccentColor;
				CODE_SIGN_STYLE = Automatic;
				CURRENT_PROJECT_VERSION = 1;
				GENERATE_INFOPLIST_FILE = YES;
				INFOPLIST_FILE = "DoorBox-FE/Info.plist";
				INFOPLIST_KEY_UIApplicationSupportsIndirectInputEvents = YES;
				INFOPLIST_KEY_UILaunchStoryboardName = LaunchScreen;
				INFOPLIST_KEY_UISupportedInterfaceOrientations_iPad = "UIInterfaceOrientationPortrait UIInterfaceOrientationPortraitUpsideDown UIInterfaceOrientationLandscapeLeft UIInterfaceOrientationLandscapeRight";
				INFOPLIST_KEY_UISupportedInterfaceOrientations_iPhone = "UIInterfaceOrientationPortrait UIInterfaceOrientationLandscapeLeft UIInterfaceOrientationLandscapeRight";
				LD_RUNPATH_SEARCH_PATHS = (
					"$(inherited)",
					"@executable_path/Frameworks",
				);
				MARKETING_VERSION = 1.0;
				PRODUCT_BUNDLE_IDENTIFIER = "Catch-Crime.DoorBox-FE";
				PRODUCT_NAME = "$(TARGET_NAME)";
				SWIFT_EMIT_LOC_STRINGS = YES;
				SWIFT_VERSION = 5.0;
				TARGETED_DEVICE_FAMILY = "1,2";
			};
			name = Debug;
		};
		97207FC22E333D6C005ED1B9 /* Release */ = {
			isa = XCBuildConfiguration;
			buildSettings = {
				ASSETCATALOG_COMPILER_APPICON_NAME = AppIcon;
				ASSETCATALOG_COMPILER_GLOBAL_ACCENT_COLOR_NAME = AccentColor;
				CODE_SIGN_STYLE = Automatic;
				CURRENT_PROJECT_VERSION = 1;
				GENERATE_INFOPLIST_FILE = YES;
				INFOPLIST_FILE = "DoorBox-FE/Info.plist";
				INFOPLIST_KEY_UIApplicationSupportsIndirectInputEvents = YES;
				INFOPLIST_KEY_UILaunchStoryboardName = LaunchScreen;
				INFOPLIST_KEY_UISupportedInterfaceOrientations_iPad = "UIInterfaceOrientationPortrait UIInterfaceOrientationPortraitUpsideDown UIInterfaceOrientationLandscapeLeft UIInterfaceOrientationLandscapeRight";
				INFOPLIST_KEY_UISupportedInterfaceOrientations_iPhone = "UIInterfaceOrientationPortrait UIInterfaceOrientationLandscapeLeft UIInterfaceOrientationLandscapeRight";
				LD_RUNPATH_SEARCH_PATHS = (
					"$(inherited)",
					"@executable_path/Frameworks",
				);
				MARKETING_VERSION = 1.0;
				PRODUCT_BUNDLE_IDENTIFIER = "Catch-Crime.DoorBox-FE";
				PRODUCT_NAME = "$(TARGET_NAME)";
				SWIFT_EMIT_LOC_STRINGS = YES;
				SWIFT_VERSION = 5.0;
				TARGETED_DEVICE_FAMILY = "1,2";
			};
			name = Release;
		};
		97207FC32E333D6C005ED1B9 /* Debug */ = {
			isa = XCBuildConfiguration;
			buildSettings = {
				ALWAYS_SEARCH_USER_PATHS = NO;
				ASSETCATALOG_COMPILER_GENERATE_SWIFT_ASSET_SYMBOL_EXTENSIONS = YES;
				CLANG_ANALYZER_NONNULL = YES;
				CLANG_ANALYZER_NUMBER_OBJECT_CONVERSION = YES_AGGRESSIVE;
				CLANG_CXX_LANGUAGE_STANDARD = "gnu++20";
				CLANG_ENABLE_MODULES = YES;
				CLANG_ENABLE_OBJC_ARC = YES;
				CLANG_ENABLE_OBJC_WEAK = YES;
				CLANG_WARN_BLOCK_CAPTURE_AUTORELEASING = YES;
				CLANG_WARN_BOOL_CONVERSION = YES;
				CLANG_WARN_COMMA = YES;
				CLANG_WARN_CONSTANT_CONVERSION = YES;
				CLANG_WARN_DEPRECATED_OBJC_IMPLEMENTATIONS = YES;
				CLANG_WARN_DIRECT_OBJC_ISA_USAGE = YES_ERROR;
				CLANG_WARN_DOCUMENTATION_COMMENTS = YES;
				CLANG_WARN_EMPTY_BODY = YES;
				CLANG_WARN_ENUM_CONVERSION = YES;
				CLANG_WARN_INFINITE_RECURSION = YES;
				CLANG_WARN_INT_CONVERSION = YES;
				CLANG_WARN_NON_LITERAL_NULL_CONVERSION = YES;
				CLANG_WARN_OBJC_IMPLICIT_RETAIN_SELF = YES;
				CLANG_WARN_OBJC_LITERAL_CONVERSION = YES;
				CLANG_WARN_OBJC_ROOT_CLASS = YES_ERROR;
				CLANG_WARN_QUOTED_INCLUDE_IN_FRAMEWORK_HEADER = YES;
				CLANG_WARN_RANGE_LOOP_ANALYSIS = YES;
				CLANG_WARN_STRICT_PROTOTYPES = YES;
				CLANG_WARN_SUSPICIOUS_MOVE = YES;
				CLANG_WARN_UNGUARDED_AVAILABILITY = YES_AGGRESSIVE;
				CLANG_WARN_UNREACHABLE_CODE = YES;
				CLANG_WARN__DUPLICATE_METHOD_MATCH = YES;
				COPY_PHASE_STRIP = NO;
				DEBUG_INFORMATION_FORMAT = dwarf;
				ENABLE_STRICT_OBJC_MSGSEND = YES;
				ENABLE_TESTABILITY = YES;
				ENABLE_USER_SCRIPT_SANDBOXING = YES;
				GCC_C_LANGUAGE_STANDARD = gnu17;
				GCC_DYNAMIC_NO_PIC = NO;
				GCC_NO_COMMON_BLOCKS = YES;
				GCC_OPTIMIZATION_LEVEL = 0;
				GCC_PREPROCESSOR_DEFINITIONS = (
					"DEBUG=1",
					"$(inherited)",
				);
				GCC_WARN_64_TO_32_BIT_CONVERSION = YES;
				GCC_WARN_ABOUT_RETURN_TYPE = YES_ERROR;
				GCC_WARN_UNDECLARED_SELECTOR = YES;
				GCC_WARN_UNINITIALIZED_AUTOS = YES_AGGRESSIVE;
				GCC_WARN_UNUSED_FUNCTION = YES;
				GCC_WARN_UNUSED_VARIABLE = YES;
				IPHONEOS_DEPLOYMENT_TARGET = 18.2;
				LOCALIZATION_PREFERS_STRING_CATALOGS = YES;
				MTL_ENABLE_DEBUG_INFO = INCLUDE_SOURCE;
				MTL_FAST_MATH = YES;
				ONLY_ACTIVE_ARCH = YES;
				SDKROOT = iphoneos;
				SWIFT_ACTIVE_COMPILATION_CONDITIONS = "DEBUG $(inherited)";
				SWIFT_OPTIMIZATION_LEVEL = "-Onone";
			};
			name = Debug;
		};
		97207FC42E333D6C005ED1B9 /* Release */ = {
			isa = XCBuildConfiguration;
			buildSettings = {
				ALWAYS_SEARCH_USER_PATHS = NO;
				ASSETCATALOG_COMPILER_GENERATE_SWIFT_ASSET_SYMBOL_EXTENSIONS = YES;
				CLANG_ANALYZER_NONNULL = YES;
				CLANG_ANALYZER_NUMBER_OBJECT_CONVERSION = YES_AGGRESSIVE;
				CLANG_CXX_LANGUAGE_STANDARD = "gnu++20";
				CLANG_ENABLE_MODULES = YES;
				CLANG_ENABLE_OBJC_ARC = YES;
				CLANG_ENABLE_OBJC_WEAK = YES;
				CLANG_WARN_BLOCK_CAPTURE_AUTORELEASING = YES;
				CLANG_WARN_BOOL_CONVERSION = YES;
				CLANG_WARN_COMMA = YES;
				CLANG_WARN_CONSTANT_CONVERSION = YES;
				CLANG_WARN_DEPRECATED_OBJC_IMPLEMENTATIONS = YES;
				CLANG_WARN_DIRECT_OBJC_ISA_USAGE = YES_ERROR;
				CLANG_WARN_DOCUMENTATION_COMMENTS = YES;
				CLANG_WARN_EMPTY_BODY = YES;
				CLANG_WARN_ENUM_CONVERSION = YES;
				CLANG_WARN_INFINITE_RECURSION = YES;
				CLANG_WARN_INT_CONVERSION = YES;
				CLANG_WARN_NON_LITERAL_NULL_CONVERSION = YES;
				CLANG_WARN_OBJC_IMPLICIT_RETAIN_SELF = YES;
				CLANG_WARN_OBJC_LITERAL_CONVERSION = YES;
				CLANG_WARN_OBJC_ROOT_CLASS = YES_ERROR;
				CLANG_WARN_QUOTED_INCLUDE_IN_FRAMEWORK_HEADER = YES;
				CLANG_WARN_RANGE_LOOP_ANALYSIS = YES;
				CLANG_WARN_STRICT_PROTOTYPES = YES;
				CLANG_WARN_SUSPICIOUS_MOVE = YES;
				CLANG_WARN_UNGUARDED_AVAILABILITY = YES_AGGRESSIVE;
				CLANG_WARN_UNREACHABLE_CODE = YES;
				CLANG_WARN__DUPLICATE_METHOD_MATCH = YES;
				COPY_PHASE_STRIP = NO;
				DEBUG_INFORMATION_FORMAT = "dwarf-with-dsym";
				ENABLE_NS_ASSERTIONS = NO;
				ENABLE_STRICT_OBJC_MSGSEND = YES;
				ENABLE_USER_SCRIPT_SANDBOXING = YES;
				GCC_C_LANGUAGE_STANDARD = gnu17;
				GCC_NO_COMMON_BLOCKS = YES;
				GCC_WARN_64_TO_32_BIT_CONVERSION = YES;
				GCC_WARN_ABOUT_RETURN_TYPE = YES_ERROR;
				GCC_WARN_UNDECLARED_SELECTOR = YES;
				GCC_WARN_UNINITIALIZED_AUTOS = YES_AGGRESSIVE;
				GCC_WARN_UNUSED_FUNCTION = YES;
				GCC_WARN_UNUSED_VARIABLE = YES;
				IPHONEOS_DEPLOYMENT_TARGET = 18.2;
				LOCALIZATION_PREFERS_STRING_CATALOGS = YES;
				MTL_ENABLE_DEBUG_INFO = NO;
				MTL_FAST_MATH = YES;
				SDKROOT = iphoneos;
				SWIFT_COMPILATION_MODE = wholemodule;
				VALIDATE_PRODUCT = YES;
			};
			name = Release;
		};
		97207FC62E333D6C005ED1B9 /* Debug */ = {
			isa = XCBuildConfiguration;
			buildSettings = {
				BUNDLE_LOADER = "$(TEST_HOST)";
				CODE_SIGN_STYLE = Automatic;
				CURRENT_PROJECT_VERSION = 1;
				GENERATE_INFOPLIST_FILE = YES;
				IPHONEOS_DEPLOYMENT_TARGET = 18.2;
				MARKETING_VERSION = 1.0;
				PRODUCT_BUNDLE_IDENTIFIER = "Catch-Crime.DoorBox-FETests";
				PRODUCT_NAME = "$(TARGET_NAME)";
				SWIFT_EMIT_LOC_STRINGS = NO;
				SWIFT_VERSION = 5.0;
				TARGETED_DEVICE_FAMILY = "1,2";
				TEST_HOST = "$(BUILT_PRODUCTS_DIR)/DoorBox-FE.app/$(BUNDLE_EXECUTABLE_FOLDER_PATH)/DoorBox-FE";
			};
			name = Debug;
		};
		97207FC72E333D6C005ED1B9 /* Release */ = {
			isa = XCBuildConfiguration;
			buildSettings = {
				BUNDLE_LOADER = "$(TEST_HOST)";
				CODE_SIGN_STYLE = Automatic;
				CURRENT_PROJECT_VERSION = 1;
				GENERATE_INFOPLIST_FILE = YES;
				IPHONEOS_DEPLOYMENT_TARGET = 18.2;
				MARKETING_VERSION = 1.0;
				PRODUCT_BUNDLE_IDENTIFIER = "Catch-Crime.DoorBox-FETests";
				PRODUCT_NAME = "$(TARGET_NAME)";
				SWIFT_EMIT_LOC_STRINGS = NO;
				SWIFT_VERSION = 5.0;
				TARGETED_DEVICE_FAMILY = "1,2";
				TEST_HOST = "$(BUILT_PRODUCTS_DIR)/DoorBox-FE.app/$(BUNDLE_EXECUTABLE_FOLDER_PATH)/DoorBox-FE";
			};
			name = Release;
		};
		97207FC92E333D6C005ED1B9 /* Debug */ = {
			isa = XCBuildConfiguration;
			buildSettings = {
				CODE_SIGN_STYLE = Automatic;
				CURRENT_PROJECT_VERSION = 1;
				GENERATE_INFOPLIST_FILE = YES;
				MARKETING_VERSION = 1.0;
				PRODUCT_BUNDLE_IDENTIFIER = "Catch-Crime.DoorBox-FEUITests";
				PRODUCT_NAME = "$(TARGET_NAME)";
				SWIFT_EMIT_LOC_STRINGS = NO;
				SWIFT_VERSION = 5.0;
				TARGETED_DEVICE_FAMILY = "1,2";
				TEST_TARGET_NAME = "DoorBox-FE";
			};
			name = Debug;
		};
		97207FCA2E333D6C005ED1B9 /* Release */ = {
			isa = XCBuildConfiguration;
			buildSettings = {
				CODE_SIGN_STYLE = Automatic;
				CURRENT_PROJECT_VERSION = 1;
				GENERATE_INFOPLIST_FILE = YES;
				MARKETING_VERSION = 1.0;
				PRODUCT_BUNDLE_IDENTIFIER = "Catch-Crime.DoorBox-FEUITests";
				PRODUCT_NAME = "$(TARGET_NAME)";
				SWIFT_EMIT_LOC_STRINGS = NO;
				SWIFT_VERSION = 5.0;
				TARGETED_DEVICE_FAMILY = "1,2";
				TEST_TARGET_NAME = "DoorBox-FE";
			};
			name = Release;
		};
/* End XCBuildConfiguration section */

/* Begin XCConfigurationList section */
		97207F922E333D6B005ED1B9 /* Build configuration list for PBXProject "DoorBox-FE" */ = {
			isa = XCConfigurationList;
			buildConfigurations = (
				97207FC32E333D6C005ED1B9 /* Debug */,
				97207FC42E333D6C005ED1B9 /* Release */,
			);
			defaultConfigurationIsVisible = 0;
			defaultConfigurationName = Release;
		};
		97207FC02E333D6C005ED1B9 /* Build configuration list for PBXNativeTarget "DoorBox-FE" */ = {
			isa = XCConfigurationList;
			buildConfigurations = (
				97207FC12E333D6C005ED1B9 /* Debug */,
				97207FC22E333D6C005ED1B9 /* Release */,
			);
			defaultConfigurationIsVisible = 0;
			defaultConfigurationName = Release;
		};
		97207FC52E333D6C005ED1B9 /* Build configuration list for PBXNativeTarget "DoorBox-FETests" */ = {
			isa = XCConfigurationList;
			buildConfigurations = (
				97207FC62E333D6C005ED1B9 /* Debug */,
				97207FC72E333D6C005ED1B9 /* Release */,
			);
			defaultConfigurationIsVisible = 0;
			defaultConfigurationName = Release;
		};
		97207FC82E333D6C005ED1B9 /* Build configuration list for PBXNativeTarget "DoorBox-FEUITests" */ = {
			isa = XCConfigurationList;
			buildConfigurations = (
				97207FC92E333D6C005ED1B9 /* Debug */,
				97207FCA2E333D6C005ED1B9 /* Release */,
			);
			defaultConfigurationIsVisible = 0;
			defaultConfigurationName = Release;
		};
/* End XCConfigurationList section */

/* Begin XCRemoteSwiftPackageReference section */
		978CB3A92E35B1FA00423538 /* XCRemoteSwiftPackageReference "Alamofire" */ = {
			isa = XCRemoteSwiftPackageReference;
			repositoryURL = "https://github.com/Alamofire/Alamofire";
			requirement = {
				kind = upToNextMajorVersion;
				minimumVersion = 5.10.2;
			};
		};
		978CB3AC2E35B28F00423538 /* XCRemoteSwiftPackageReference "Then" */ = {
			isa = XCRemoteSwiftPackageReference;
			repositoryURL = "https://github.com/devxoul/Then.git";
			requirement = {
				kind = upToNextMajorVersion;
				minimumVersion = 3.0.0;
			};
		};
		978CB3AF2E35B33F00423538 /* XCRemoteSwiftPackageReference "FSCalendar" */ = {
			isa = XCRemoteSwiftPackageReference;
			repositoryURL = "https://github.com/WenchaoD/FSCalendar.git";
			requirement = {
				kind = upToNextMajorVersion;
				minimumVersion = 2.8.4;
			};
		};
		978CB55B2E35BCDB00423538 /* XCRemoteSwiftPackageReference "SnapKit" */ = {
			isa = XCRemoteSwiftPackageReference;
			repositoryURL = "https://github.com/SnapKit/SnapKit";
			requirement = {
				kind = upToNextMajorVersion;
				minimumVersion = 5.7.1;
			};
		};
/* End XCRemoteSwiftPackageReference section */

/* Begin XCSwiftPackageProductDependency section */
		978CB3AA2E35B1FA00423538 /* Alamofire */ = {
			isa = XCSwiftPackageProductDependency;
			package = 978CB3A92E35B1FA00423538 /* XCRemoteSwiftPackageReference "Alamofire" */;
			productName = Alamofire;
		};
		978CB3AD2E35B28F00423538 /* Then */ = {
			isa = XCSwiftPackageProductDependency;
			package = 978CB3AC2E35B28F00423538 /* XCRemoteSwiftPackageReference "Then" */;
			productName = Then;
		};
		978CB3B02E35B33F00423538 /* FSCalendar */ = {
			isa = XCSwiftPackageProductDependency;
			package = 978CB3AF2E35B33F00423538 /* XCRemoteSwiftPackageReference "FSCalendar" */;
			productName = FSCalendar;
		};
		978CB55C2E35BCDB00423538 /* SnapKit */ = {
			isa = XCSwiftPackageProductDependency;
			package = 978CB55B2E35BCDB00423538 /* XCRemoteSwiftPackageReference "SnapKit" */;
			productName = SnapKit;
		};
/* End XCSwiftPackageProductDependency section */
	};
	rootObject = 97207F8F2E333D6B005ED1B9 /* Project object */;
}
